{
  "name": "bootstrap5-tags",
  "version": "1.4.11",
  "lockfileVersion": 2,
  "requires": true,
  "packages": {
    "": {
      "name": "bootstrap5-tags",
      "version": "1.4.11",
      "license": "MIT",
      "dependencies": {
        "bootstrap": "^5.1.3",
        "bootstrap.native": "^4.0.7"
      }
    },
    "node_modules/@popperjs/core": {
      "version": "2.11.0",
      "resolved": "https://registry.npmjs.org/@popperjs/core/-/core-2.11.0.tgz",
      "integrity": "sha512-zrsUxjLOKAzdewIDRWy9nsV1GQsKBCWaGwsZQlCgr6/q+vjyZhFgqedLfFBuI9anTPEUT4APq9Mu0SZBTzIcGQ==",
      "peer": true,
      "funding": {
        "type": "opencollective",
        "url": "https://opencollective.com/popperjs"
      }
    },
    "node_modules/bootstrap": {
      "version": "5.1.3",
      "resolved": "https://registry.npmjs.org/bootstrap/-/bootstrap-5.1.3.tgz",
      "integrity": "sha512-fcQztozJ8jToQWXxVuEyXWW+dSo8AiXWKwiSSrKWsRB/Qt+Ewwza+JWoLKiTuQLaEPhdNAJ7+Dosc9DOIqNy7Q==",
      "funding": {
        "type": "opencollective",
        "url": "https://opencollective.com/bootstrap"
      },
      "peerDependencies": {
        "@popperjs/core": "^2.10.2"
      }
    },
    "node_modules/bootstrap.native": {
      "version": "4.0.7",
      "resolved": "https://registry.npmjs.org/bootstrap.native/-/bootstrap.native-4.0.7.tgz",
      "integrity": "sha512-Y7fWPIJnyCO8IS8zxASC8T/hGZhZcRWOYoL0aBhalsmcPab/7ZCe4TW4YU3BD3I6dghR5bWeekyODhoxrtuKIA==",
      "dependencies": {
        "minifill": "^0.0.16",
        "shorter-js": "^0.2.1"
      }
    },
    "node_modules/minifill": {
      "version": "0.0.16",
      "resolved": "https://registry.npmjs.org/minifill/-/minifill-0.0.16.tgz",
      "integrity": "sha512-ya61lgDqSRlaOVbD8neOkZMpMpmbfCbRewzJ/rfzc9nbisFthip3YcmBBL3fu+gneIKTrzcOG7mDysJh5ZDjqQ=="
    },
    "node_modules/shorter-js": {
      "version": "0.2.22",
      "resolved": "https://registry.npmjs.org/shorter-js/-/shorter-js-0.2.22.tgz",
      "integrity": "sha512-r0kL6WEyGVLE6qVWaCEVvDX1BJHsKcCl6DXz+c/8LwDkFTezMaiIN7yjqw+wJVGoAiczLTDhrEWTYYLUizA7jg=="
    }
  },
  "dependencies": {
    "@popperjs/core": {
      "version": "2.11.0",
      "resolved": "https://registry.npmjs.org/@popperjs/core/-/core-2.11.0.tgz",
      "integrity": "sha512-zrsUxjLOKAzdewIDRWy9nsV1GQsKBCWaGwsZQlCgr6/q+vjyZhFgqedLfFBuI9anTPEUT4APq9Mu0SZBTzIcGQ==",
      "peer": true
    },
    "bootstrap": {
      "version": "5.1.3",
      "resolved": "https://registry.npmjs.org/bootstrap/-/bootstrap-5.1.3.tgz",
      "integrity": "sha512-fcQztozJ8jToQWXxVuEyXWW+dSo8AiXWKwiSSrKWsRB/Qt+Ewwza+JWoLKiTuQLaEPhdNAJ7+Dosc9DOIqNy7Q==",
      "requires": {}
    },
    "bootstrap.native": {
      "version": "4.0.7",
      "resolved": "https://registry.npmjs.org/bootstrap.native/-/bootstrap.native-4.0.7.tgz",
      "integrity": "sha512-Y7fWPIJnyCO8IS8zxASC8T/hGZhZcRWOYoL0aBhalsmcPab/7ZCe4TW4YU3BD3I6dghR5bWeekyODhoxrtuKIA==",
      "requires": {
        "minifill": "^0.0.16",
        "shorter-js": "^0.2.1"
      }
    },
    "minifill": {
      "version": "0.0.16",
      "resolved": "https://registry.npmjs.org/minifill/-/minifill-0.0.16.tgz",
      "integrity": "sha512-ya61lgDqSRlaOVbD8neOkZMpMpmbfCbRewzJ/rfzc9nbisFthip3YcmBBL3fu+gneIKTrzcOG7mDysJh5ZDjqQ=="
    },
    "shorter-js": {
      "version": "0.2.22",
      "resolved": "https://registry.npmjs.org/shorter-js/-/shorter-js-0.2.22.tgz",
      "integrity": "sha512-r0kL6WEyGVLE6qVWaCEVvDX1BJHsKcCl6DXz+c/8LwDkFTezMaiIN7yjqw+wJVGoAiczLTDhrEWTYYLUizA7jg=="
    }
  }
}
